{
  "name": "cha-kra-e2e",
  "version": "1.0.0",
  "lockfileVersion": 3,
  "requires": true,
  "packages": {
    "": {
      "name": "cha-kra-e2e",
      "version": "1.0.0",
      "devDependencies": {
        "@playwright/test": "1.49.0",
        "@testing-library/dom": "10.4.0",
        "vite": "6.0.5"
      },
      "engines": {
        "node": "20.18.1",
        "npm": "10.9.4"
      }
    },
    "node_modules/@babel/code-frame": {
      "version": "7.27.1",
      "resolved": "https://registry.npmjs.org/@babel/code-frame/-/code-frame-7.27.1.tgz",
      "integrity": "sha512-cjQ7ZlQ0Mv3b47hABuTevyTuYN4i+loJKGeV9flcCgIK37cCXRh+L1bd3iBHlynerhQ7BhCkn2BPbQUL+rGqFg==",
      "dev": true,
      "license": "MIT",
      "dependencies": {
        "@babel/helper-validator-identifier": "^7.27.1",
        "js-tokens": "^4.0.0",
        "picocolors": "^1.1.1"
      },
      "engines": {
        "node": ">=6.9.0"
      }
    },
    "node_modules/@babel/helper-validator-identifier": {
      "version": "7.28.5",
      "resolved": "https://registry.npmjs.org/@babel/helper-validator-identifier/-/helper-validator-identifier-7.28.5.tgz",
      "integrity": "sha512-qSs4ifwzKJSV39ucNjsvc6WVHs6b7S03sOh2OcHF9UHfVPqWWALUsNUVzhSBiItjRZoLHx7nIarVjqKVusUZ1Q==",
      "dev": true,
      "license": "MIT",
      "engines": {
        "node": ">=6.9.0"
      }
    },
    "node_modules/@babel/runtime": {
      "version": "7.28.4",
      "resolved": "https://registry.npmjs.org/@babel/runtime/-/runtime-7.28.4.tgz",
      "integrity": "sha512-Q/N6JNWvIvPnLDvjlE1OUBLPQHH6l3CltCEsHIujp45zQUSSh8K+gHnaEX45yAT1nyngnINhvWtzN+Nb9D8RAQ==",
      "dev": true,
      "license": "MIT",
      "engines": {
        "node": ">=6.9.0"
      }
    },
    "node_modules/@esbuild/aix-ppc64": {
      "version": "0.24.0",
      "resolved": "https://registry.npmjs.org/@esbuild/aix-ppc64/-/aix-ppc64-0.24.0.tgz",
      "integrity": "sha512-WtKdFM7ls47zkKHFVzMz8opM7LkcsIp9amDUBIAWirg70RM71WRSjdILPsY5Uv1D42ZpUfaPILDlfactHgsRkw==",
      "cpu": [
        "ppc64"
      ],
      "dev": true,
      "license": "MIT",
      "optional": true,
      "os": [
        "aix"
      ],
      "engines": {
        "node": ">=18"
      }
    },
    "node_modules/@esbuild/android-arm": {
      "version": "0.24.0",
      "resolved": "https://registry.npmjs.org/@esbuild/android-arm/-/android-arm-0.24.0.tgz",
      "integrity": "sha512-arAtTPo76fJ/ICkXWetLCc9EwEHKaeya4vMrReVlEIUCAUncH7M4bhMQ+M9Vf+FFOZJdTNMXNBrWwW+OXWpSew==",
      "cpu": [
        "arm"
      ],
      "dev": true,
      "license": "MIT",
      "optional": true,
      "os": [
        "android"
      ],
      "engines": {
        "node": ">=18"
      }
    },
    "node_modules/@esbuild/android-arm64": {
      "version": "0.24.0",
      "resolved": "https://registry.npmjs.org/@esbuild/android-arm64/-/android-arm64-0.24.0.tgz",
      "integrity": "sha512-Vsm497xFM7tTIPYK9bNTYJyF/lsP590Qc1WxJdlB6ljCbdZKU9SY8i7+Iin4kyhV/KV5J2rOKsBQbB77Ab7L/w==",
      "cpu": [
        "arm64"
      ],
      "dev": true,
      "license": "MIT",
      "optional": true,
      "os": [
        "android"
      ],
      "engines": {
        "node": ">=18"
      }
    },
    "node_modules/@esbuild/android-x64": {
      "version": "0.24.0",
      "resolved": "https://registry.npmjs.org/@esbuild/android-x64/-/android-x64-0.24.0.tgz",
      "integrity": "sha512-t8GrvnFkiIY7pa7mMgJd7p8p8qqYIz1NYiAoKc75Zyv73L3DZW++oYMSHPRarcotTKuSs6m3hTOa5CKHaS02TQ==",
      "cpu": [
        "x64"
      ],
      "dev": true,
      "license": "MIT",
      "optional": true,
      "os": [
        "android"
      ],
      "engines": {
        "node": ">=18"
      }
    },
    "node_modules/@esbuild/darwin-arm64": {
      "version": "0.24.0",
      "resolved": "https://registry.npmjs.org/@esbuild/darwin-arm64/-/darwin-arm64-0.24.0.tgz",
      "integrity": "sha512-CKyDpRbK1hXwv79soeTJNHb5EiG6ct3efd/FTPdzOWdbZZfGhpbcqIpiD0+vwmpu0wTIL97ZRPZu8vUt46nBSw==",
      "cpu": [
        "arm64"
      ],
      "dev": true,
      "license": "MIT",
      "optional": true,
      "os": [
        "darwin"
      ],
      "engines": {
        "node": ">=18"
      }
    },
    "node_modules/@esbuild/darwin-x64": {
      "version": "0.24.0",
      "resolved": "https://registry.npmjs.org/@esbuild/darwin-x64/-/darwin-x64-0.24.0.tgz",
      "integrity": "sha512-rgtz6flkVkh58od4PwTRqxbKH9cOjaXCMZgWD905JOzjFKW+7EiUObfd/Kav+A6Gyud6WZk9w+xu6QLytdi2OA==",
      "cpu": [
        "x64"
      ],
      "dev": true,
      "license": "MIT",
      "optional": true,
      "os": [
        "darwin"
      ],
      "engines": {
        "node": ">=18"
      }
    },
    "node_modules/@esbuild/freebsd-arm64": {
      "version": "0.24.0",
      "resolved": "https://registry.npmjs.org/@esbuild/freebsd-arm64/-/freebsd-arm64-0.24.0.tgz",
      "integrity": "sha512-6Mtdq5nHggwfDNLAHkPlyLBpE5L6hwsuXZX8XNmHno9JuL2+bg2BX5tRkwjyfn6sKbxZTq68suOjgWqCicvPXA==",
      "cpu": [
        "arm64"
      ],
      "dev": true,
      "license": "MIT",
      "optional": true,
      "os": [
        "freebsd"
      ],
      "engines": {
        "node": ">=18"
      }
    },
    "node_modules/@esbuild/freebsd-x64": {
      "version": "0.24.0",
      "resolved": "https://registry.npmjs.org/@esbuild/freebsd-x64/-/freebsd-x64-0.24.0.tgz",
      "integrity": "sha512-D3H+xh3/zphoX8ck4S2RxKR6gHlHDXXzOf6f/9dbFt/NRBDIE33+cVa49Kil4WUjxMGW0ZIYBYtaGCa2+OsQwQ==",
      "cpu": [
        "x64"
      ],
      "dev": true,
      "license": "MIT",
      "optional": true,
      "os": [
        "freebsd"
      ],
      "engines": {
        "node": ">=18"
      }
    },
    "node_modules/@esbuild/linux-arm": {
      "version": "0.24.0",
      "resolved": "https://registry.npmjs.org/@esbuild/linux-arm/-/linux-arm-0.24.0.tgz",
      "integrity": "sha512-gJKIi2IjRo5G6Glxb8d3DzYXlxdEj2NlkixPsqePSZMhLudqPhtZ4BUrpIuTjJYXxvF9njql+vRjB2oaC9XpBw==",
      "cpu": [
        "arm"
      ],
      "dev": true,
      "license": "MIT",
      "optional": true,
      "os": [
        "linux"
      ],
      "engines": {
        "node": ">=18"
      }
    },
    "node_modules/@esbuild/linux-arm64": {
      "version": "0.24.0",
      "resolved": "https://registry.npmjs.org/@esbuild/linux-arm64/-/linux-arm64-0.24.0.tgz",
      "integrity": "sha512-TDijPXTOeE3eaMkRYpcy3LarIg13dS9wWHRdwYRnzlwlA370rNdZqbcp0WTyyV/k2zSxfko52+C7jU5F9Tfj1g==",
      "cpu": [
        "arm64"
      ],
      "dev": true,
      "license": "MIT",
      "optional": true,
      "os": [
        "linux"
      ],
      "engines": {
        "node": ">=18"
      }
    },
    "node_modules/@esbuild/linux-ia32": {
      "version": "0.24.0",
      "resolved": "https://registry.npmjs.org/@esbuild/linux-ia32/-/linux-ia32-0.24.0.tgz",
      "integrity": "sha512-K40ip1LAcA0byL05TbCQ4yJ4swvnbzHscRmUilrmP9Am7//0UjPreh4lpYzvThT2Quw66MhjG//20mrufm40mA==",
      "cpu": [
        "ia32"
      ],
      "dev": true,
      "license": "MIT",
      "optional": true,
      "os": [
        "linux"
      ],
      "engines": {
        "node": ">=18"
      }
    },
    "node_modules/@esbuild/linux-loong64": {
      "version": "0.24.0",
      "resolved": "https://registry.npmjs.org/@esbuild/linux-loong64/-/linux-loong64-0.24.0.tgz",
      "integrity": "sha512-0mswrYP/9ai+CU0BzBfPMZ8RVm3RGAN/lmOMgW4aFUSOQBjA31UP8Mr6DDhWSuMwj7jaWOT0p0WoZ6jeHhrD7g==",
      "cpu": [
        "loong64"
      ],
      "dev": true,
      "license": "MIT",
      "optional": true,
      "os": [
        "linux"
      ],
      "engines": {
        "node": ">=18"
      }
    },
    "node_modules/@esbuild/linux-mips64el": {
      "version": "0.24.0",
      "resolved": "https://registry.npmjs.org/@esbuild/linux-mips64el/-/linux-mips64el-0.24.0.tgz",
      "integrity": "sha512-hIKvXm0/3w/5+RDtCJeXqMZGkI2s4oMUGj3/jM0QzhgIASWrGO5/RlzAzm5nNh/awHE0A19h/CvHQe6FaBNrRA==",
      "cpu": [
        "mips64el"
      ],
      "dev": true,
      "license": "MIT",
      "optional": true,
      "os": [
        "linux"
      ],
      "engines": {
        "node": ">=18"
      }
    },
    "node_modules/@esbuild/linux-ppc64": {
      "version": "0.24.0",
      "resolved": "https://registry.npmjs.org/@esbuild/linux-ppc64/-/linux-ppc64-0.24.0.tgz",
      "integrity": "sha512-HcZh5BNq0aC52UoocJxaKORfFODWXZxtBaaZNuN3PUX3MoDsChsZqopzi5UupRhPHSEHotoiptqikjN/B77mYQ==",
      "cpu": [
        "ppc64"
      ],
      "dev": true,
      "license": "MIT",
      "optional": true,
      "os": [
        "linux"
      ],
      "engines": {
        "node": ">=18"
      }
    },
    "node_modules/@esbuild/linux-riscv64": {
      "version": "0.24.0",
      "resolved": "https://registry.npmjs.org/@esbuild/linux-riscv64/-/linux-riscv64-0.24.0.tgz",
      "integrity": "sha512-bEh7dMn/h3QxeR2KTy1DUszQjUrIHPZKyO6aN1X4BCnhfYhuQqedHaa5MxSQA/06j3GpiIlFGSsy1c7Gf9padw==",
      "cpu": [
        "riscv64"
      ],
      "dev": true,
      "license": "MIT",
      "optional": true,
      "os": [
        "linux"
      ],
      "engines": {
        "node": ">=18"
      }
    },
    "node_modules/@esbuild/linux-s390x": {
      "version": "0.24.0",
      "resolved": "https://registry.npmjs.org/@esbuild/linux-s390x/-/linux-s390x-0.24.0.tgz",
      "integrity": "sha512-ZcQ6+qRkw1UcZGPyrCiHHkmBaj9SiCD8Oqd556HldP+QlpUIe2Wgn3ehQGVoPOvZvtHm8HPx+bH20c9pvbkX3g==",
      "cpu": [
        "s390x"
      ],
      "dev": true,
      "license": "MIT",
      "optional": true,
      "os": [
        "linux"
      ],
      "engines": {
        "node": ">=18"
      }
    },
    "node_modules/@esbuild/linux-x64": {
      "version": "0.24.0",
      "resolved": "https://registry.npmjs.org/@esbuild/linux-x64/-/linux-x64-0.24.0.tgz",
      "integrity": "sha512-vbutsFqQ+foy3wSSbmjBXXIJ6PL3scghJoM8zCL142cGaZKAdCZHyf+Bpu/MmX9zT9Q0zFBVKb36Ma5Fzfa8xA==",
      "cpu": [
        "x64"
      ],
      "dev": true,
      "license": "MIT",
      "optional": true,
      "os": [
        "linux"
      ],
      "engines": {
        "node": ">=18"
      }
    },
    "node_modules/@esbuild/netbsd-x64": {
      "version": "0.24.0",
      "resolved": "https://registry.npmjs.org/@esbuild/netbsd-x64/-/netbsd-x64-0.24.0.tgz",
      "integrity": "sha512-hjQ0R/ulkO8fCYFsG0FZoH+pWgTTDreqpqY7UnQntnaKv95uP5iW3+dChxnx7C3trQQU40S+OgWhUVwCjVFLvg==",
      "cpu": [
        "x64"
      ],
      "dev": true,
      "license": "MIT",
      "optional": true,
      "os": [
        "netbsd"
      ],
      "engines": {
        "node": ">=18"
      }
    },
    "node_modules/@esbuild/openbsd-arm64": {
      "version": "0.24.0",
      "resolved": "https://registry.npmjs.org/@esbuild/openbsd-arm64/-/openbsd-arm64-0.24.0.tgz",
      "integrity": "sha512-MD9uzzkPQbYehwcN583yx3Tu5M8EIoTD+tUgKF982WYL9Pf5rKy9ltgD0eUgs8pvKnmizxjXZyLt0z6DC3rRXg==",
      "cpu": [
        "arm64"
      ],
      "dev": true,
      "license": "MIT",
      "optional": true,
      "os": [
        "openbsd"
      ],
      "engines": {
        "node": ">=18"
      }
    },
    "node_modules/@esbuild/openbsd-x64": {
      "version": "0.24.0",
      "resolved": "https://registry.npmjs.org/@esbuild/openbsd-x64/-/openbsd-x64-0.24.0.tgz",
      "integrity": "sha512-4ir0aY1NGUhIC1hdoCzr1+5b43mw99uNwVzhIq1OY3QcEwPDO3B7WNXBzaKY5Nsf1+N11i1eOfFcq+D/gOS15Q==",
      "cpu": [
        "x64"
      ],
      "dev": true,
      "license": "MIT",
      "optional": true,
      "os": [
        "openbsd"
      ],
      "engines": {
        "node": ">=18"
      }
    },
    "node_modules/@esbuild/sunos-x64": {
      "version": "0.24.0",
      "resolved": "https://registry.npmjs.org/@esbuild/sunos-x64/-/sunos-x64-0.24.0.tgz",
      "integrity": "sha512-jVzdzsbM5xrotH+W5f1s+JtUy1UWgjU0Cf4wMvffTB8m6wP5/kx0KiaLHlbJO+dMgtxKV8RQ/JvtlFcdZ1zCPA==",
      "cpu": [
        "x64"
      ],
      "dev": true,
      "license": "MIT",
      "optional": true,
      "os": [
        "sunos"
      ],
      "engines": {
        "node": ">=18"
      }
    },
    "node_modules/@esbuild/win32-arm64": {
      "version": "0.24.0",
      "resolved": "https://registry.npmjs.org/@esbuild/win32-arm64/-/win32-arm64-0.24.0.tgz",
      "integrity": "sha512-iKc8GAslzRpBytO2/aN3d2yb2z8XTVfNV0PjGlCxKo5SgWmNXx82I/Q3aG1tFfS+A2igVCY97TJ8tnYwpUWLCA==",
      "cpu": [
        "arm64"
      ],
      "dev": true,
      "license": "MIT",
      "optional": true,
      "os": [
        "win32"
      ],
      "engines": {
        "node": ">=18"
      }
    },
    "node_modules/@esbuild/win32-ia32": {
      "version": "0.24.0",
      "resolved": "https://registry.npmjs.org/@esbuild/win32-ia32/-/win32-ia32-0.24.0.tgz",
      "integrity": "sha512-vQW36KZolfIudCcTnaTpmLQ24Ha1RjygBo39/aLkM2kmjkWmZGEJ5Gn9l5/7tzXA42QGIoWbICfg6KLLkIw6yw==",
      "cpu": [
        "ia32"
      ],
      "dev": true,
      "license": "MIT",
      "optional": true,
      "os": [
        "win32"
      ],
      "engines": {
        "node": ">=18"
      }
    },
    "node_modules/@esbuild/win32-x64": {
      "version": "0.24.0",
      "resolved": "https://registry.npmjs.org/@esbuild/win32-x64/-/win32-x64-0.24.0.tgz",
      "integrity": "sha512-7IAFPrjSQIJrGsK6flwg7NFmwBoSTyF3rl7If0hNUFQU4ilTsEPL6GuMuU9BfIWVVGuRnuIidkSMC+c0Otu8IA==",
      "cpu": [
        "x64"
      ],
      "dev": true,
      "license": "MIT",
      "optional": true,
      "os": [
        "win32"
      ],
      "engines": {
        "node": ">=18"
      }
    },
    "node_modules/@playwright/test": {
      "version": "1.49.0",
      "resolved": "https://registry.npmjs.org/@playwright/test/-/test-1.49.0.tgz",
      "integrity": "sha512-DMulbwQURa8rNIQrf94+jPJQ4FmOVdpE5ZppRNvWVjvhC+6sOeo28r8MgIpQRYouXRtt/FCCXU7zn20jnHR4Qw==",
      "dev": true,
      "license": "Apache-2.0",
      "dependencies": {
        "playwright": "1.49.0"
      },
      "bin": {
        "playwright": "cli.js"
      },
      "engines": {
        "node": ">=18"
      }
    },
    "node_modules/@rollup/rollup-android-arm-eabi": {
      "version": "4.55.1",
      "resolved": "https://registry.npmjs.org/@rollup/rollup-android-arm-eabi/-/rollup-android-arm-eabi-4.55.1.tgz",
      "integrity": "sha512-9R0DM/ykwfGIlNu6+2U09ga0WXeZ9MRC2Ter8jnz8415VbuIykVuc6bhdrbORFZANDmTDvq26mJrEVTl8TdnDg==",
      "cpu": [
        "arm"
      ],
      "dev": true,
      "license": "MIT",
      "optional": true,
      "os": [
        "android"
      ]
    },
    "node_modules/@rollup/rollup-android-arm64": {
      "version": "4.55.1",
      "resolved": "https://registry.npmjs.org/@rollup/rollup-android-arm64/-/rollup-android-arm64-4.55.1.tgz",
      "integrity": "sha512-eFZCb1YUqhTysgW3sj/55du5cG57S7UTNtdMjCW7LwVcj3dTTcowCsC8p7uBdzKsZYa8J7IDE8lhMI+HX1vQvg==",
      "cpu": [
        "arm64"
      ],
      "dev": true,
      "license": "MIT",
      "optional": true,
      "os": [
        "android"
      ]
    },
    "node_modules/@rollup/rollup-darwin-arm64": {
      "version": "4.55.1",
      "resolved": "https://registry.npmjs.org/@rollup/rollup-darwin-arm64/-/rollup-darwin-arm64-4.55.1.tgz",
      "integrity": "sha512-p3grE2PHcQm2e8PSGZdzIhCKbMCw/xi9XvMPErPhwO17vxtvCN5FEA2mSLgmKlCjHGMQTP6phuQTYWUnKewwGg==",
      "cpu": [
        "arm64"
      ],
      "dev": true,
      "license": "MIT",
      "optional": true,
      "os": [
        "darwin"
      ]
    },
    "node_modules/@rollup/rollup-darwin-x64": {
      "version": "4.55.1",
      "resolved": "https://registry.npmjs.org/@rollup/rollup-darwin-x64/-/rollup-darwin-x64-4.55.1.tgz",
      "integrity": "sha512-rDUjG25C9qoTm+e02Esi+aqTKSBYwVTaoS1wxcN47/Luqef57Vgp96xNANwt5npq9GDxsH7kXxNkJVEsWEOEaQ==",
      "cpu": [
        "x64"
      ],
      "dev": true,
      "license": "MIT",
      "optional": true,
      "os": [
        "darwin"
      ]
    },
    "node_modules/@rollup/rollup-freebsd-arm64": {
      "version": "4.55.1",
      "resolved": "https://registry.npmjs.org/@rollup/rollup-freebsd-arm64/-/rollup-freebsd-arm64-4.55.1.tgz",
      "integrity": "sha512-+JiU7Jbp5cdxekIgdte0jfcu5oqw4GCKr6i3PJTlXTCU5H5Fvtkpbs4XJHRmWNXF+hKmn4v7ogI5OQPaupJgOg==",
      "cpu": [
        "arm64"
      ],
      "dev": true,
      "license": "MIT",
      "optional": true,
      "os": [
        "freebsd"
      ]
    },
    "node_modules/@rollup/rollup-freebsd-x64": {
      "version": "4.55.1",
      "resolved": "https://registry.npmjs.org/@rollup/rollup-freebsd-x64/-/rollup-freebsd-x64-4.55.1.tgz",
      "integrity": "sha512-V5xC1tOVWtLLmr3YUk2f6EJK4qksksOYiz/TCsFHu/R+woubcLWdC9nZQmwjOAbmExBIVKsm1/wKmEy4z4u4Bw==",
      "cpu": [
        "x64"
      ],
      "dev": true,
      "license": "MIT",
      "optional": true,
      "os": [
        "freebsd"
      ]
    },
    "node_modules/@rollup/rollup-linux-arm-gnueabihf": {
      "version": "4.55.1",
      "resolved": "https://registry.npmjs.org/@rollup/rollup-linux-arm-gnueabihf/-/rollup-linux-arm-gnueabihf-4.55.1.tgz",
      "integrity": "sha512-Rn3n+FUk2J5VWx+ywrG/HGPTD9jXNbicRtTM11e/uorplArnXZYsVifnPPqNNP5BsO3roI4n8332ukpY/zN7rQ==",
      "cpu": [
        "arm"
      ],
      "dev": true,
      "license": "MIT",
      "optional": true,
      "os": [
        "linux"
      ]
    },
    "node_modules/@rollup/rollup-linux-arm-musleabihf": {
      "version": "4.55.1",
      "resolved": "https://registry.npmjs.org/@rollup/rollup-linux-arm-musleabihf/-/rollup-linux-arm-musleabihf-4.55.1.tgz",
      "integrity": "sha512-grPNWydeKtc1aEdrJDWk4opD7nFtQbMmV7769hiAaYyUKCT1faPRm2av8CX1YJsZ4TLAZcg9gTR1KvEzoLjXkg==",
      "cpu": [
        "arm"
      ],
      "dev": true,
      "license": "MIT",
      "optional": true,
      "os": [
        "linux"
      ]
    },
    "node_modules/@rollup/rollup-linux-arm64-gnu": {
      "version": "4.55.1",
      "resolved": "https://registry.npmjs.org/@rollup/rollup-linux-arm64-gnu/-/rollup-linux-arm64-gnu-4.55.1.tgz",
      "integrity": "sha512-a59mwd1k6x8tXKcUxSyISiquLwB5pX+fJW9TkWU46lCqD/GRDe9uDN31jrMmVP3feI3mhAdvcCClhV8V5MhJFQ==",
      "cpu": [
        "arm64"
      ],
      "dev": true,
      "license": "MIT",
      "optional": true,
      "os": [
        "linux"
      ]
    },
    "node_modules/@rollup/rollup-linux-arm64-musl": {
      "version": "4.55.1",
      "resolved": "https://registry.npmjs.org/@rollup/rollup-linux-arm64-musl/-/rollup-linux-arm64-musl-4.55.1.tgz",
      "integrity": "sha512-puS1MEgWX5GsHSoiAsF0TYrpomdvkaXm0CofIMG5uVkP6IBV+ZO9xhC5YEN49nsgYo1DuuMquF9+7EDBVYu4uA==",
      "cpu": [
        "arm64"
      ],
      "dev": true,
      "license": "MIT",
      "optional": true,
      "os": [
        "linux"
      ]
    },
    "node_modules/@rollup/rollup-linux-loong64-gnu": {
      "version": "4.55.1",
      "resolved": "https://registry.npmjs.org/@rollup/rollup-linux-loong64-gnu/-/rollup-linux-loong64-gnu-4.55.1.tgz",
      "integrity": "sha512-r3Wv40in+lTsULSb6nnoudVbARdOwb2u5fpeoOAZjFLznp6tDU8kd+GTHmJoqZ9lt6/Sys33KdIHUaQihFcu7g==",
      "cpu": [
        "loong64"
      ],
      "dev": true,
      "license": "MIT",
      "optional": true,
      "os": [
        "linux"
      ]
    },
    "node_modules/@rollup/rollup-linux-loong64-musl": {
      "version": "4.55.1",
      "resolved": "https://registry.npmjs.org/@rollup/rollup-linux-loong64-musl/-/rollup-linux-loong64-musl-4.55.1.tgz",
      "integrity": "sha512-MR8c0+UxAlB22Fq4R+aQSPBayvYa3+9DrwG/i1TKQXFYEaoW3B5b/rkSRIypcZDdWjWnpcvxbNaAJDcSbJU3Lw==",
      "cpu": [
        "loong64"
      ],
      "dev": true,
      "license": "MIT",
      "optional": true,
      "os": [
        "linux"
      ]
    },
    "node_modules/@rollup/rollup-linux-ppc64-gnu": {
      "version": "4.55.1",
      "resolved": "https://registry.npmjs.org/@rollup/rollup-linux-ppc64-gnu/-/rollup-linux-ppc64-gnu-4.55.1.tgz",
      "integrity": "sha512-3KhoECe1BRlSYpMTeVrD4sh2Pw2xgt4jzNSZIIPLFEsnQn9gAnZagW9+VqDqAHgm1Xc77LzJOo2LdigS5qZ+gw==",
      "cpu": [
        "ppc64"
      ],
      "dev": true,
      "license": "MIT",
      "optional": true,
      "os": [
        "linux"
      ]
    },
    "node_modules/@rollup/rollup-linux-ppc64-musl": {
      "version": "4.55.1",
      "resolved": "https://registry.npmjs.org/@rollup/rollup-linux-ppc64-musl/-/rollup-linux-ppc64-musl-4.55.1.tgz",
      "integrity": "sha512-ziR1OuZx0vdYZZ30vueNZTg73alF59DicYrPViG0NEgDVN8/Jl87zkAPu4u6VjZST2llgEUjaiNl9JM6HH1Vdw==",
      "cpu": [
        "ppc64"
      ],
      "dev": true,
      "license": "MIT",
      "optional": true,
      "os": [
        "linux"
      ]
    },
    "node_modules/@rollup/rollup-linux-riscv64-gnu": {
      "version": "4.55.1",
      "resolved": "https://registry.npmjs.org/@rollup/rollup-linux-riscv64-gnu/-/rollup-linux-riscv64-gnu-4.55.1.tgz",
      "integrity": "sha512-uW0Y12ih2XJRERZ4jAfKamTyIHVMPQnTZcQjme2HMVDAHY4amf5u414OqNYC+x+LzRdRcnIG1YodLrrtA8xsxw==",
      "cpu": [
        "riscv64"
      ],
      "dev": true,
      "license": "MIT",
      "optional": true,
      "os": [
        "linux"
      ]
    },
    "node_modules/@rollup/rollup-linux-riscv64-musl": {
      "version": "4.55.1",
      "resolved": "https://registry.npmjs.org/@rollup/rollup-linux-riscv64-musl/-/rollup-linux-riscv64-musl-4.55.1.tgz",
      "integrity": "sha512-u9yZ0jUkOED1BFrqu3BwMQoixvGHGZ+JhJNkNKY/hyoEgOwlqKb62qu+7UjbPSHYjiVy8kKJHvXKv5coH4wDeg==",
      "cpu": [
        "riscv64"
      ],
      "dev": true,
      "license": "MIT",
      "optional": true,
      "os": [
        "linux"
      ]
    },
    "node_modules/@rollup/rollup-linux-s390x-gnu": {
      "version": "4.55.1",
      "resolved": "https://registry.npmjs.org/@rollup/rollup-linux-s390x-gnu/-/rollup-linux-s390x-gnu-4.55.1.tgz",
      "integrity": "sha512-/0PenBCmqM4ZUd0190j7J0UsQ/1nsi735iPRakO8iPciE7BQ495Y6msPzaOmvx0/pn+eJVVlZrNrSh4WSYLxNg==",
      "cpu": [
        "s390x"
      ],
      "dev": true,
      "license": "MIT",
      "optional": true,
      "os": [
        "linux"
      ]
    },
    "node_modules/@rollup/rollup-linux-x64-gnu": {
      "version": "4.55.1",
      "resolved": "https://registry.npmjs.org/@rollup/rollup-linux-x64-gnu/-/rollup-linux-x64-gnu-4.55.1.tgz",
      "integrity": "sha512-a8G4wiQxQG2BAvo+gU6XrReRRqj+pLS2NGXKm8io19goR+K8lw269eTrPkSdDTALwMmJp4th2Uh0D8J9bEV1vg==",
      "cpu": [
        "x64"
      ],
      "dev": true,
      "license": "MIT",
      "optional": true,
      "os": [
        "linux"
      ]
    },
    "node_modules/@rollup/rollup-linux-x64-musl": {
      "version": "4.55.1",
      "resolved": "https://registry.npmjs.org/@rollup/rollup-linux-x64-musl/-/rollup-linux-x64-musl-4.55.1.tgz",
      "integrity": "sha512-bD+zjpFrMpP/hqkfEcnjXWHMw5BIghGisOKPj+2NaNDuVT+8Ds4mPf3XcPHuat1tz89WRL+1wbcxKY3WSbiT7w==",
      "cpu": [
        "x64"
      ],
      "dev": true,
      "license": "MIT",
      "optional": true,
      "os": [
        "linux"
      ]
    },
    "node_modules/@rollup/rollup-openbsd-x64": {
      "version": "4.55.1",
      "resolved": "https://registry.npmjs.org/@rollup/rollup-openbsd-x64/-/rollup-openbsd-x64-4.55.1.tgz",
      "integrity": "sha512-eLXw0dOiqE4QmvikfQ6yjgkg/xDM+MdU9YJuP4ySTibXU0oAvnEWXt7UDJmD4UkYialMfOGFPJnIHSe/kdzPxg==",
      "cpu": [
        "x64"
      ],
      "dev": true,
      "license": "MIT",
      "optional": true,
      "os": [
        "openbsd"
      ]
    },
    "node_modules/@rollup/rollup-openharmony-arm64": {
      "version": "4.55.1",
      "resolved": "https://registry.npmjs.org/@rollup/rollup-openharmony-arm64/-/rollup-openharmony-arm64-4.55.1.tgz",
      "integrity": "sha512-xzm44KgEP11te3S2HCSyYf5zIzWmx3n8HDCc7EE59+lTcswEWNpvMLfd9uJvVX8LCg9QWG67Xt75AuHn4vgsXw==",
      "cpu": [
        "arm64"
      ],
      "dev": true,
      "license": "MIT",
      "optional": true,
      "os": [
        "openharmony"
      ]
    },
    "node_modules/@rollup/rollup-win32-arm64-msvc": {
      "version": "4.55.1",
      "resolved": "https://registry.npmjs.org/@rollup/rollup-win32-arm64-msvc/-/rollup-win32-arm64-msvc-4.55.1.tgz",
      "integrity": "sha512-yR6Bl3tMC/gBok5cz/Qi0xYnVbIxGx5Fcf/ca0eB6/6JwOY+SRUcJfI0OpeTpPls7f194as62thCt/2BjxYN8g==",
      "cpu": [
        "arm64"
      ],
      "dev": true,
      "license": "MIT",
      "optional": true,
      "os": [
        "win32"
      ]
    },
    "node_modules/@rollup/rollup-win32-ia32-msvc": {
      "version": "4.55.1",
      "resolved": "https://registry.npmjs.org/@rollup/rollup-win32-ia32-msvc/-/rollup-win32-ia32-msvc-4.55.1.tgz",
      "integrity": "sha512-3fZBidchE0eY0oFZBnekYCfg+5wAB0mbpCBuofh5mZuzIU/4jIVkbESmd2dOsFNS78b53CYv3OAtwqkZZmU5nA==",
      "cpu": [
        "ia32"
      ],
      "dev": true,
      "license": "MIT",
      "optional": true,
      "os": [
        "win32"
      ]
    },
    "node_modules/@rollup/rollup-win32-x64-gnu": {
      "version": "4.55.1",
      "resolved": "https://registry.npmjs.org/@rollup/rollup-win32-x64-gnu/-/rollup-win32-x64-gnu-4.55.1.tgz",
      "integrity": "sha512-xGGY5pXj69IxKb4yv/POoocPy/qmEGhimy/FoTpTSVju3FYXUQQMFCaZZXJVidsmGxRioZAwpThl/4zX41gRKg==",
      "cpu": [
        "x64"
      ],
      "dev": true,
      "license": "MIT",
      "optional": true,
      "os": [
        "win32"
      ]
    },
    "node_modules/@rollup/rollup-win32-x64-msvc": {
      "version": "4.55.1",
      "resolved": "https://registry.npmjs.org/@rollup/rollup-win32-x64-msvc/-/rollup-win32-x64-msvc-4.55.1.tgz",
      "integrity": "sha512-SPEpaL6DX4rmcXtnhdrQYgzQ5W2uW3SCJch88lB2zImhJRhIIK44fkUrgIV/Q8yUNfw5oyZ5vkeQsZLhCb06lw==",
      "cpu": [
        "x64"
      ],
      "dev": true,
      "license": "MIT",
      "optional": true,
      "os": [
        "win32"
      ]
    },
    "node_modules/@testing-library/dom": {
      "version": "10.4.0",
      "resolved": "https://registry.npmjs.org/@testing-library/dom/-/dom-10.4.0.tgz",
      "integrity": "sha512-pemlzrSESWbdAloYml3bAJMEfNh1Z7EduzqPKprCH5S341frlpYnUEW0H72dLxa6IsYr+mPno20GiSm+h9dEdQ==",
      "dev": true,
      "license": "MIT",
      "dependencies": {
        "@babel/code-frame": "^7.10.4",
        "@babel/runtime": "^7.12.5",
        "@types/aria-query": "^5.0.1",
        "aria-query": "5.3.0",
        "chalk": "^4.1.0",
        "dom-accessibility-api": "^0.5.9",
        "lz-string": "^1.5.0",
        "pretty-format": "^27.0.2"
      },
      "engines": {
        "node": ">=18"
      }
    },
    "node_modules/@types/aria-query": {
      "version": "5.0.4",
      "resolved": "https://registry.npmjs.org/@types/aria-query/-/aria-query-5.0.4.tgz",
      "integrity": "sha512-rfT93uj5s0PRL7EzccGMs3brplhcrghnDoV26NqKhCAS1hVo+WdNsPvE/yb6ilfr5hi2MEk6d5EWJTKdxg8jVw==",
      "dev": true,
      "license": "MIT"
    },
    "node_modules/@types/estree": {
      "version": "1.0.8",
      "resolved": "https://registry.npmjs.org/@types/estree/-/estree-1.0.8.tgz",
      "integrity": "sha512-dWHzHa2WqEXI/O1E9OjrocMTKJl2mSrEolh1Iomrv6U+JuNwaHXsXx9bLu5gG7BUWFIN0skIQJQ/L1rIex4X6w==",
      "dev": true,
      "license": "MIT"
    },
    "node_modules/ansi-regex": {
      "version": "5.0.1",
      "resolved": "https://registry.npmjs.org/ansi-regex/-/ansi-regex-5.0.1.tgz",
      "integrity": "sha512-quJQXlTSUGL2LH9SUXo8VwsY4soanhgo6LNSm84E1LBcE8s3O0wpdiRzyR9z/ZZJMlMWv37qOOb9pdJlMUEKFQ==",
      "dev": true,
      "license": "MIT",
      "engines": {
        "node": ">=8"
      }
    },
    "node_modules/ansi-styles": {
      "version": "5.2.0",
      "resolved": "https://registry.npmjs.org/ansi-styles/-/ansi-styles-5.2.0.tgz",
      "integrity": "sha512-Cxwpt2SfTzTtXcfOlzGEee8O+c+MmUgGrNiBcXnuWxuFJHe6a5Hz7qwhwe5OgaSYI0IJvkLqWX1ASG+cJOkEiA==",
      "dev": true,
      "license": "MIT",
      "engines": {
        "node": ">=10"
      },
      "funding": {
        "url": "https://github.com/chalk/ansi-styles?sponsor=1"
      }
    },
    "node_modules/aria-query": {
      "version": "5.3.0",
      "resolved": "https://registry.npmjs.org/aria-query/-/aria-query-5.3.0.tgz",
      "integrity": "sha512-b0P0sZPKtyu8HkeRAfCq0IfURZK+SuwMjY1UXGBU27wpAiTwQAIlq56IbIO+ytk/JjS1fMR14ee5WBBfKi5J6A==",
      "dev": true,
      "license": "Apache-2.0",
      "dependencies": {
        "dequal": "^2.0.3"
      }
    },
    "node_modules/chalk": {
      "version": "4.1.2",
      "resolved": "https://registry.npmjs.org/chalk/-/chalk-4.1.2.tgz",
      "integrity": "sha512-oKnbhFyRIXpUuez8iBMmyEa4nbj4IOQyuhc/wy9kY7/WVPcwIO9VA668Pu8RkO7+0G76SLROeyw9CpQ061i4mA==",
      "dev": true,
      "license": "MIT",
      "dependencies": {
        "ansi-styles": "^4.1.0",
        "supports-color": "^7.1.0"
      },
      "engines": {
        "node": ">=10"
      },
      "funding": {
        "url": "https://github.com/chalk/chalk?sponsor=1"
      }
    },
    "node_modules/chalk/node_modules/ansi-styles": {
      "version": "4.3.0",
      "resolved": "https://registry.npmjs.org/ansi-styles/-/ansi-styles-4.3.0.tgz",
      "integrity": "sha512-zbB9rCJAT1rbjiVDb2hqKFHNYLxgtk8NURxZ3IZwD3F6NtxbXZQCnnSi1Lkx+IDohdPlFp222wVALIheZJQSEg==",
      "dev": true,
      "license": "MIT",
      "dependencies": {
        "color-convert": "^2.0.1"
      },
      "engines": {
        "node": ">=8"
      },
      "funding": {
        "url": "https://github.com/chalk/ansi-styles?sponsor=1"
      }
    },
    "node_modules/color-convert": {
      "version": "2.0.1",
      "resolved": "https://registry.npmjs.org/color-convert/-/color-convert-2.0.1.tgz",
      "integrity": "sha512-RRECPsj7iu/xb5oKYcsFHSppFNnsj/52OVTRKb4zP5onXwVF3zVmmToNcOfGC+CRDpfK/U584fMg38ZHCaElKQ==",
      "dev": true,
      "license": "MIT",
      "dependencies": {
        "color-name": "~1.1.4"
      },
      "engines": {
        "node": ">=7.0.0"
      }
    },
    "node_modules/color-name": {
      "version": "1.1.4",
      "resolved": "https://registry.npmjs.org/color-name/-/color-name-1.1.4.tgz",
      "integrity": "sha512-dOy+3AuW3a2wNbZHIuMZpTcgjGuLU/uBL/ubcZF9OXbDo8ff4O8yVp5Bf0efS8uEoYo5q4Fx7dY9OgQGXgAsQA==",
      "dev": true,
      "license": "MIT"
    },
    "node_modules/dequal": {
      "version": "2.0.3",
      "resolved": "https://registry.npmjs.org/dequal/-/dequal-2.0.3.tgz",
      "integrity": "sha512-0je+qPKHEMohvfRTCEo3CrPG6cAzAYgmzKyxRiYSSDkS6eGJdyVJm7WaYA5ECaAD9wLB2T4EEeymA5aFVcYXCA==",
      "dev": true,
      "license": "MIT",
      "engines": {
        "node": ">=6"
      }
    },
    "node_modules/dom-accessibility-api": {
      "version": "0.5.16",
      "resolved": "https://registry.npmjs.org/dom-accessibility-api/-/dom-accessibility-api-0.5.16.tgz",
      "integrity": "sha512-X7BJ2yElsnOJ30pZF4uIIDfBEVgF4XEBxL9Bxhy6dnrm5hkzqmsWHGTiHqRiITNhMyFLyAiWndIJP7Z1NTteDg==",
      "dev": true,
      "license": "MIT"
    },
    "node_modules/esbuild": {
      "version": "0.24.0",
      "resolved": "https://registry.npmjs.org/esbuild/-/esbuild-0.24.0.tgz",
      "integrity": "sha512-FuLPevChGDshgSicjisSooU0cemp/sGXR841D5LHMB7mTVOmsEHcAxaH3irL53+8YDIeVNQEySh4DaYU/iuPqQ==",
      "dev": true,
      "hasInstallScript": true,
      "license": "MIT",
      "bin": {
        "esbuild": "bin/esbuild"
      },
      "engines": {
        "node": ">=18"
      },
      "optionalDependencies": {
        "@esbuild/aix-ppc64": "0.24.0",
        "@esbuild/android-arm": "0.24.0",
        "@esbuild/android-arm64": "0.24.0",
        "@esbuild/android-x64": "0.24.0",
        "@esbuild/darwin-arm64": "0.24.0",
        "@esbuild/darwin-x64": "0.24.0",
        "@esbuild/freebsd-arm64": "0.24.0",
        "@esbuild/freebsd-x64": "0.24.0",
        "@esbuild/linux-arm": "0.24.0",
        "@esbuild/linux-arm64": "0.24.0",
        "@esbuild/linux-ia32": "0.24.0",
        "@esbuild/linux-loong64": "0.24.0",
        "@esbuild/linux-mips64el": "0.24.0",
        "@esbuild/linux-ppc64": "0.24.0",
        "@esbuild/linux-riscv64": "0.24.0",
        "@esbuild/linux-s390x": "0.24.0",
        "@esbuild/linux-x64": "0.24.0",
        "@esbuild/netbsd-x64": "0.24.0",
        "@esbuild/openbsd-arm64": "0.24.0",
        "@esbuild/openbsd-x64": "0.24.0",
        "@esbuild/sunos-x64": "0.24.0",
        "@esbuild/win32-arm64": "0.24.0",
        "@esbuild/win32-ia32": "0.24.0",
        "@esbuild/win32-x64": "0.24.0"
      }
    },
    "node_modules/fsevents": {
      "version": "2.3.2",
      "resolved": "https://registry.npmjs.org/fsevents/-/fsevents-2.3.2.tgz",
      "integrity": "sha512-xiqMQR4xAeHTuB9uWm+fFRcIOgKBMiOBP+eXiyT7jsgVCq1bkVygt00oASowB7EdtpOHaaPgKt812P9ab+DDKA==",
      "dev": true,
      "hasInstallScript": true,
      "license": "MIT",
      "optional": true,
      "os": [
        "darwin"
      ],
      "engines": {
        "node": "^8.16.0 || ^10.6.0 || >=11.0.0"
      }
    },
    "node_modules/has-flag": {
      "version": "4.0.0",
      "resolved": "https://registry.npmjs.org/has-flag/-/has-flag-4.0.0.tgz",
      "integrity": "sha512-EykJT/Q1KjTWctppgIAgfSO0tKVuZUjhgMr17kqTumMl6Afv3EISleU7qZUzoXDFTAHTDC4NOoG/ZxU3EvlMPQ==",
      "dev": true,
      "license": "MIT",
      "engines": {
        "node": ">=8"
      }
    },
    "node_modules/js-tokens": {
      "version": "4.0.0",
      "resolved": "https://registry.npmjs.org/js-tokens/-/js-tokens-4.0.0.tgz",
      "integrity": "sha512-RdJUflcE3cUzKiMqQgsCu06FPu9UdIJO0beYbPhHN4k6apgJtifcoCtT9bcxOpYBtpD2kCM6Sbzg4CausW/PKQ==",
      "dev": true,
      "license": "MIT"
    },
    "node_modules/lz-string": {
      "version": "1.5.0",
      "resolved": "https://registry.npmjs.org/lz-string/-/lz-string-1.5.0.tgz",
      "integrity": "sha512-h5bgJWpxJNswbU7qCrV0tIKQCaS3blPDrqKWx+QxzuzL1zGUzij9XCWLrSLsJPu5t+eWA/ycetzYAO5IOMcWAQ==",
      "dev": true,
      "license": "MIT",
      "bin": {
        "lz-string": "bin/bin.js"
      }
    },
    "node_modules/nanoid": {
      "version": "3.3.11",
      "resolved": "https://registry.npmjs.org/nanoid/-/nanoid-3.3.11.tgz",
      "integrity": "sha512-N8SpfPUnUp1bK+PMYW8qSWdl9U+wwNWI4QKxOYDy9JAro3WMX7p2OeVRF9v+347pnakNevPmiHhNmZ2HbFA76w==",
      "dev": true,
      "funding": [
        {
          "type": "github",
          "url": "https://github.com/sponsors/ai"
        }
      ],
      "license": "MIT",
      "bin": {
        "nanoid": "bin/nanoid.cjs"
      },
      "engines": {
        "node": "^10 || ^12 || ^13.7 || ^14 || >=15.0.1"
      }
    },
    "node_modules/picocolors": {
      "version": "1.1.1",
      "resolved": "https://registry.npmjs.org/picocolors/-/picocolors-1.1.1.tgz",
      "integrity": "sha512-xceH2snhtb5M9liqDsmEw56le376mTZkEX/jEb/RxNFyegNul7eNslCXP9FDj/Lcu0X8KEyMceP2ntpaHrDEVA==",
      "dev": true,
      "license": "ISC"
    },
    "node_modules/playwright": {
      "version": "1.49.0",
      "resolved": "https://registry.npmjs.org/playwright/-/playwright-1.49.0.tgz",
      "integrity": "sha512-eKpmys0UFDnfNb3vfsf8Vx2LEOtflgRebl0Im2eQQnYMA4Aqd+Zw8bEOB+7ZKvN76901mRnqdsiOGKxzVTbi7A==",
      "dev": true,
      "license": "Apache-2.0",
      "dependencies": {
        "playwright-core": "1.49.0"
      },
      "bin": {
        "playwright": "cli.js"
      },
      "engines": {
        "node": ">=18"
      },
      "optionalDependencies": {
        "fsevents": "2.3.2"
      }
    },
    "node_modules/playwright-core": {
      "version": "1.49.0",
      "resolved": "https://registry.npmjs.org/playwright-core/-/playwright-core-1.49.0.tgz",
      "integrity": "sha512-R+3KKTQF3npy5GTiKH/T+kdhoJfJojjHESR1YEWhYuEKRVfVaxH3+4+GvXE5xyCngCxhxnykk0Vlah9v8fs3jA==",
      "dev": true,
      "license": "Apache-2.0",
      "bin": {
        "playwright-core": "cli.js"
      },
      "engines": {
        "node": ">=18"
      }
    },
    "node_modules/postcss": {
      "version": "8.5.6",
      "resolved": "https://registry.npmjs.org/postcss/-/postcss-8.5.6.tgz",
      "integrity": "sha512-3Ybi1tAuwAP9s0r1UQ2J4n5Y0G05bJkpUIO0/bI9MhwmD70S5aTWbXGBwxHrelT+XM1k6dM0pk+SwNkpTRN7Pg==",
      "dev": true,
      "funding": [
        {
          "type": "opencollective",
          "url": "https://opencollective.com/postcss/"
        },
        {
          "type": "tidelift",
          "url": "https://tidelift.com/funding/github/npm/postcss"
        },
        {
          "type": "github",
          "url": "https://github.com/sponsors/ai"
        }
      ],
      "license": "MIT",
      "dependencies": {
        "nanoid": "^3.3.11",
        "picocolors": "^1.1.1",
        "source-map-js": "^1.2.1"
      },
      "engines": {
        "node": "^10 || ^12 || >=14"
      }
    },
    "node_modules/pretty-format": {
      "version": "27.5.1",
      "resolved": "https://registry.npmjs.org/pretty-format/-/pretty-format-27.5.1.tgz",
      "integrity": "sha512-Qb1gy5OrP5+zDf2Bvnzdl3jsTf1qXVMazbvCoKhtKqVs4/YK4ozX4gKQJJVyNe+cajNPn0KoC0MC3FUmaHWEmQ==",
      "dev": true,
      "license": "MIT",
      "dependencies": {
        "ansi-regex": "^5.0.1",
        "ansi-styles": "^5.0.0",
        "react-is": "^17.0.1"
      },
      "engines": {
        "node": "^10.13.0 || ^12.13.0 || ^14.15.0 || >=15.0.0"
      }
    },
    "node_modules/react-is": {
      "version": "17.0.2",
      "resolved": "https://registry.npmjs.org/react-is/-/react-is-17.0.2.tgz",
      "integrity": "sha512-w2GsyukL62IJnlaff/nRegPQR94C/XXamvMWmSHRJ4y7Ts/4ocGRmTHvOs8PSE6pB3dWOrD/nueuU5sduBsQ4w==",
      "dev": true,
      "license": "MIT"
    },
    "node_modules/rollup": {
      "version": "4.55.1",
      "resolved": "https://registry.npmjs.org/rollup/-/rollup-4.55.1.tgz",
      "integrity": "sha512-wDv/Ht1BNHB4upNbK74s9usvl7hObDnvVzknxqY/E/O3X6rW1U1rV1aENEfJ54eFZDTNo7zv1f5N4edCluH7+A==",
      "dev": true,
      "license": "MIT",
      "dependencies": {
        "@types/estree": "1.0.8"
      },
      "bin": {
        "rollup": "dist/bin/rollup"
      },
      "engines": {
        "node": ">=18.0.0",
        "npm": ">=8.0.0"
      },
      "optionalDependencies": {
        "@rollup/rollup-android-arm-eabi": "4.55.1",
        "@rollup/rollup-android-arm64": "4.55.1",
        "@rollup/rollup-darwin-arm64": "4.55.1",
        "@rollup/rollup-darwin-x64": "4.55.1",
        "@rollup/rollup-freebsd-arm64": "4.55.1",
        "@rollup/rollup-freebsd-x64": "4.55.1",
        "@rollup/rollup-linux-arm-gnueabihf": "4.55.1",
        "@rollup/rollup-linux-arm-musleabihf": "4.55.1",
        "@rollup/rollup-linux-arm64-gnu": "4.55.1",
        "@rollup/rollup-linux-arm64-musl": "4.55.1",
        "@rollup/rollup-linux-loong64-gnu": "4.55.1",
        "@rollup/rollup-linux-loong64-musl": "4.55.1",
        "@rollup/rollup-linux-ppc64-gnu": "4.55.1",
        "@rollup/rollup-linux-ppc64-musl": "4.55.1",
        "@rollup/rollup-linux-riscv64-gnu": "4.55.1",
        "@rollup/rollup-linux-riscv64-musl": "4.55.1",
        "@rollup/rollup-linux-s390x-gnu": "4.55.1",
        "@rollup/rollup-linux-x64-gnu": "4.55.1",
        "@rollup/rollup-linux-x64-musl": "4.55.1",
        "@rollup/rollup-openbsd-x64": "4.55.1",
        "@rollup/rollup-openharmony-arm64": "4.55.1",
        "@rollup/rollup-win32-arm64-msvc": "4.55.1",
        "@rollup/rollup-win32-ia32-msvc": "4.55.1",
        "@rollup/rollup-win32-x64-gnu": "4.55.1",
        "@rollup/rollup-win32-x64-msvc": "4.55.1",
        "fsevents": "~2.3.2"
      }
    },
    "node_modules/source-map-js": {
      "version": "1.2.1",
      "resolved": "https://registry.npmjs.org/source-map-js/-/source-map-js-1.2.1.tgz",
      "integrity": "sha512-UXWMKhLOwVKb728IUtQPXxfYU+usdybtUrK/8uGE8CQMvrhOpwvzDBwj0QhSL7MQc7vIsISBG8VQ8+IDQxpfQA==",
      "dev": true,
      "license": "BSD-3-Clause",
      "engines": {
        "node": ">=0.10.0"
      }
    },
    "node_modules/supports-color": {
      "version": "7.2.0",
      "resolved": "https://registry.npmjs.org/supports-color/-/supports-color-7.2.0.tgz",
      "integrity": "sha512-qpCAvRl9stuOHveKsn7HncJRvv501qIacKzQlO/+Lwxc9+0q2wLyv4Dfvt80/DPn2pqOBsJdDiogXGR9+OvwRw==",
      "dev": true,
      "license": "MIT",
      "dependencies": {
        "has-flag": "^4.0.0"
      },
      "engines": {
        "node": ">=8"
      }
    },
    "node_modules/vite": {
      "version": "6.0.5",
      "resolved": "https://registry.npmjs.org/vite/-/vite-6.0.5.tgz",
      "integrity": "sha512-akD5IAH/ID5imgue2DYhzsEwCi0/4VKY31uhMLEYJwPP4TiUp8pL5PIK+Wo7H8qT8JY9i+pVfPydcFPYD1EL7g==",
      "dev": true,
      "license": "MIT",
      "dependencies": {
        "esbuild": "0.24.0",
        "postcss": "^8.4.49",
        "rollup": "^4.23.0"
      },
      "bin": {
        "vite": "bin/vite.js"
      },
      "engines": {
        "node": "^18.0.0 || ^20.0.0 || >=22.0.0"
      },
      "funding": {
        "url": "https://github.com/vitejs/vite?sponsor=1"
      },
      "optionalDependencies": {
        "fsevents": "~2.3.3"
      },
      "peerDependencies": {
        "@types/node": "^18.0.0 || ^20.0.0 || >=22.0.0",
        "jiti": ">=1.21.0",
        "less": "*",
        "lightningcss": "^1.21.0",
        "sass": "*",
        "sass-embedded": "*",
        "stylus": "*",
        "sugarss": "*",
        "terser": "^5.16.0",
        "tsx": "^4.8.1",
        "yaml": "^2.4.2"
      },
      "peerDependenciesMeta": {
        "@types/node": {
          "optional": true
        },
        "jiti": {
          "optional": true
        },
        "less": {
          "optional": true
        },
        "lightningcss": {
          "optional": true
        },
        "sass": {
          "optional": true
        },
        "sass-embedded": {
          "optional": true
        },
        "stylus": {
          "optional": true
        },
        "sugarss": {
          "optional": true
        },
        "terser": {
          "optional": true
        },
        "tsx": {
          "optional": true
        },
        "yaml": {
          "optional": true
        }
      }
    },
    "node_modules/vite/node_modules/fsevents": {
      "version": "2.3.3",
      "resolved": "https://registry.npmjs.org/fsevents/-/fsevents-2.3.3.tgz",
      "integrity": "sha512-5xoDfX+fL7faATnagmWPpbFtwh/R77WmMMqqHGS65C3vvB0YHrgF+B1YmZ3441tMj5n63k0212XNoJwzlhffQw==",
      "dev": true,
      "hasInstallScript": true,
      "license": "MIT",
      "optional": true,
      "os": [
        "darwin"
      ],
      "engines": {
        "node": "^8.16.0 || ^10.6.0 || >=11.0.0"
      }
    }
  }
}
